
Microsoft Visual Studio Solution File, Format Version 12.00
# Visual Studio 15
VisualStudioVersion = 15.0.28010.2016
MinimumVisualStudioVersion = 10.0.40219.1
Project("{FAE04EC0-301F-11D3-BF4B-00C04F79EFBC}") = "temperatureList", "temperatureList\temperatureList.csproj", "{CB993950-C51F-4E09-B164-A8851B635F68}"
EndProject
Global
	GlobalSection(SolutionConfigurationPlatforms) = preSolution
		Debug|Any CPU = Debug|Any CPU
		Release|Any CPU = Release|Any CPU
	EndGlobalSection
	GlobalSection(ProjectConfigurationPlatforms) = postSolution
		{CB993950-C51F-4E09-B164-A8851B635F68}.Debug|Any CPU.ActiveCfg = Debug|Any CPU
		{CB993950-C51F-4E09-B164-A8851B635F68}.Debug|Any CPU.Build.0 = Debug|Any CPU
		{CB993950-C51F-4E09-B164-A8851B635F68}.Release|Any CPU.ActiveCfg = Release|Any CPU
		{CB993950-C51F-4E09-B164-A8851B635F68}.Release|Any CPU.Build.0 = Release|Any CPU
	EndGlobalSection
	GlobalSection(SolutionProperties) = preSolution
		HideSolutionNode = FALSE
	EndGlobalSection
	GlobalSection(ExtensibilityGlobals) = postSolution
		SolutionGuid = {B45F388D-3ECA-4AC3-8E92-04BD1029824C}
	EndGlobalSection
EndGlobal
